
Microsoft Visual Studio Solution File, Format Version 12.00
# Visual Studio 14
VisualStudioVersion = 14.0.25420.1
MinimumVisualStudioVersion = 10.0.40219.1
Project("{2150E333-8FDC-42A3-9474-1A3956D46DE8}") = "src", "src", "{30942DC9-6642-4A74-8C87-ADB1FBE676AB}"
EndProject
Project("{2150E333-8FDC-42A3-9474-1A3956D46DE8}") = "Solution Items", "Solution Items", "{94D6635E-650C-4A65-805F-183FBD29E59F}"
	ProjectSection(SolutionItems) = preProject
		global.json = global.json
	EndProjectSection
EndProject
Project("{8BB2217D-0F2D-49D1-97BC-3654ED321F3B}") = "WebApi2", "src\WebApi2\WebApi2.xproj", "{9079CD4B-F2CE-4BA6-97A3-2D4500D26089}"
EndProject
Global
	GlobalSection(SolutionConfigurationPlatforms) = preSolution
		Debug|Any CPU = Debug|Any CPU
		Release|Any CPU = Release|Any CPU
	EndGlobalSection
	GlobalSection(ProjectConfigurationPlatforms) = postSolution
		{9079CD4B-F2CE-4BA6-97A3-2D4500D26089}.Debug|Any CPU.ActiveCfg = Debug|Any CPU
		{9079CD4B-F2CE-4BA6-97A3-2D4500D26089}.Debug|Any CPU.Build.0 = Debug|Any CPU
		{9079CD4B-F2CE-4BA6-97A3-2D4500D26089}.Release|Any CPU.ActiveCfg = Release|Any CPU
		{9079CD4B-F2CE-4BA6-97A3-2D4500D26089}.Release|Any CPU.Build.0 = Release|Any CPU
	EndGlobalSection
	GlobalSection(SolutionProperties) = preSolution
		HideSolutionNode = FALSE
	EndGlobalSection
	GlobalSection(NestedProjects) = preSolution
		{9079CD4B-F2CE-4BA6-97A3-2D4500D26089} = {30942DC9-6642-4A74-8C87-ADB1FBE676AB}
	EndGlobalSection
EndGlobal
